
Microsoft Visual Studio Solution File, Format Version 12.00
# Visual Studio Version 17
VisualStudioVersion = 17.0.32014.148
MinimumVisualStudioVersion = 10.0.40219.1
Project("{FAE04EC0-301F-11D3-BF4B-00C04F79EFBC}") = "AllureNewtonsoft", "AllureNewtonsoft\AllureNewtonsoft.csproj", "{CAA6C1E2-8560-4AE5-95A1-68F105B370D6}"
EndProject
Global
	GlobalSection(SolutionConfigurationPlatforms) = preSolution
		Debug|Any CPU = Debug|Any CPU
		Release|Any CPU = Release|Any CPU
	EndGlobalSection
	GlobalSection(ProjectConfigurationPlatforms) = postSolution
		{CAA6C1E2-8560-4AE5-95A1-68F105B370D6}.Debug|Any CPU.ActiveCfg = Debug|Any CPU
		{CAA6C1E2-8560-4AE5-95A1-68F105B370D6}.Debug|Any CPU.Build.0 = Debug|Any CPU
		{CAA6C1E2-8560-4AE5-95A1-68F105B370D6}.Release|Any CPU.ActiveCfg = Release|Any CPU
		{CAA6C1E2-8560-4AE5-95A1-68F105B370D6}.Release|Any CPU.Build.0 = Release|Any CPU
	EndGlobalSection
	GlobalSection(SolutionProperties) = preSolution
		HideSolutionNode = FALSE
	EndGlobalSection
	GlobalSection(ExtensibilityGlobals) = postSolution
		SolutionGuid = {BE8ED5C8-0796-491F-8BBF-E171F9C1D251}
	EndGlobalSection
EndGlobal
